
Microsoft Visual Studio Solution File, Format Version 12.00
# Visual Studio Version 16
VisualStudioVersion = 16.0.31624.102
MinimumVisualStudioVersion = 10.0.40219.1
Project("{FAE04EC0-301F-11D3-BF4B-00C04F79EFBC}") = "DotNetProject", "DotNetProject\DotNetProject.csproj", "{B75594E1-81BD-47AC-B8B4-9E642961DF38}"
EndProject
Global
	GlobalSection(SolutionConfigurationPlatforms) = preSolution
		Debug|Any CPU = Debug|Any CPU
		Release|Any CPU = Release|Any CPU
	EndGlobalSection
	GlobalSection(ProjectConfigurationPlatforms) = postSolution
		{B75594E1-81BD-47AC-B8B4-9E642961DF38}.Debug|Any CPU.ActiveCfg = Debug|Any CPU
		{B75594E1-81BD-47AC-B8B4-9E642961DF38}.Debug|Any CPU.Build.0 = Debug|Any CPU
		{B75594E1-81BD-47AC-B8B4-9E642961DF38}.Release|Any CPU.ActiveCfg = Release|Any CPU
		{B75594E1-81BD-47AC-B8B4-9E642961DF38}.Release|Any CPU.Build.0 = Release|Any CPU
	EndGlobalSection
	GlobalSection(SolutionProperties) = preSolution
		HideSolutionNode = FALSE
	EndGlobalSection
	GlobalSection(ExtensibilityGlobals) = postSolution
		SolutionGuid = {2DEA6503-489F-4E6F-8147-592DE056A1A9}
	EndGlobalSection
EndGlobal
